
Microsoft Visual Studio Solution File, Format Version 12.00
# Visual Studio 14
VisualStudioVersion = 14.0.23107.0
MinimumVisualStudioVersion = 10.0.40219.1
Project("{FAE04EC0-301F-11D3-BF4B-00C04F79EFBC}") = "ERP_BANK.Web", "ERP_BANK.Web\ERP_BANK.Web.csproj", "{896C84B7-C719-45AC-89AC-BF4351C95B9C}"
EndProject
Project("{FAE04EC0-301F-11D3-BF4B-00C04F79EFBC}") = "ERP_BANK.Domain", "ERP_BANK.Domain\ERP_BANK.Domain.csproj", "{C7ED844F-BA07-4352-898B-779D8CFC8641}"
EndProject
Project("{FAE04EC0-301F-11D3-BF4B-00C04F79EFBC}") = "ERP_BANK.Data", "ERP_BANK.Data\ERP_BANK.Data.csproj", "{85CEBCA3-1981-42B2-96B9-F45A935EE24C}"
EndProject
Project("{FAE04EC0-301F-11D3-BF4B-00C04F79EFBC}") = "ERP_BANK.Service", "ERP_BANK.Service\ERP_BANK.Service.csproj", "{3E8701E6-08A4-42AA-B718-FE9E24CA0136}"
EndProject
Project("{FAE04EC0-301F-11D3-BF4B-00C04F79EFBC}") = "Service.Pattern", "Service.Pattern\Service.Pattern.csproj", "{A73CA7E9-E88C-4A19-A6B4-8C606BA12612}"
EndProject
Global
	GlobalSection(SolutionConfigurationPlatforms) = preSolution
		Debug|Any CPU = Debug|Any CPU
		Release|Any CPU = Release|Any CPU
	EndGlobalSection
	GlobalSection(ProjectConfigurationPlatforms) = postSolution
		{896C84B7-C719-45AC-89AC-BF4351C95B9C}.Debug|Any CPU.ActiveCfg = Debug|Any CPU
		{896C84B7-C719-45AC-89AC-BF4351C95B9C}.Debug|Any CPU.Build.0 = Debug|Any CPU
		{896C84B7-C719-45AC-89AC-BF4351C95B9C}.Release|Any CPU.ActiveCfg = Release|Any CPU
		{896C84B7-C719-45AC-89AC-BF4351C95B9C}.Release|Any CPU.Build.0 = Release|Any CPU
		{C7ED844F-BA07-4352-898B-779D8CFC8641}.Debug|Any CPU.ActiveCfg = Debug|Any CPU
		{C7ED844F-BA07-4352-898B-779D8CFC8641}.Debug|Any CPU.Build.0 = Debug|Any CPU
		{C7ED844F-BA07-4352-898B-779D8CFC8641}.Release|Any CPU.ActiveCfg = Release|Any CPU
		{C7ED844F-BA07-4352-898B-779D8CFC8641}.Release|Any CPU.Build.0 = Release|Any CPU
		{85CEBCA3-1981-42B2-96B9-F45A935EE24C}.Debug|Any CPU.ActiveCfg = Debug|Any CPU
		{85CEBCA3-1981-42B2-96B9-F45A935EE24C}.Debug|Any CPU.Build.0 = Debug|Any CPU
		{85CEBCA3-1981-42B2-96B9-F45A935EE24C}.Release|Any CPU.ActiveCfg = Release|Any CPU
		{85CEBCA3-1981-42B2-96B9-F45A935EE24C}.Release|Any CPU.Build.0 = Release|Any CPU
		{3E8701E6-08A4-42AA-B718-FE9E24CA0136}.Debug|Any CPU.ActiveCfg = Debug|Any CPU
		{3E8701E6-08A4-42AA-B718-FE9E24CA0136}.Debug|Any CPU.Build.0 = Debug|Any CPU
		{3E8701E6-08A4-42AA-B718-FE9E24CA0136}.Release|Any CPU.ActiveCfg = Release|Any CPU
		{3E8701E6-08A4-42AA-B718-FE9E24CA0136}.Release|Any CPU.Build.0 = Release|Any CPU
		{A73CA7E9-E88C-4A19-A6B4-8C606BA12612}.Debug|Any CPU.ActiveCfg = Debug|Any CPU
		{A73CA7E9-E88C-4A19-A6B4-8C606BA12612}.Debug|Any CPU.Build.0 = Debug|Any CPU
		{A73CA7E9-E88C-4A19-A6B4-8C606BA12612}.Release|Any CPU.ActiveCfg = Release|Any CPU
		{A73CA7E9-E88C-4A19-A6B4-8C606BA12612}.Release|Any CPU.Build.0 = Release|Any CPU
	EndGlobalSection
	GlobalSection(SolutionProperties) = preSolution
		HideSolutionNode = FALSE
	EndGlobalSection
EndGlobal
